
Microsoft Visual Studio Solution File, Format Version 12.00
# Visual Studio Version 17
VisualStudioVersion = 17.0.31903.59
MinimumVisualStudioVersion = 10.0.40219.1
Project("{FAE04EC0-301F-11D3-BF4B-00C04F79EFBC}") = "Wheelzy.Data", "Wheelzy.Data\Wheelzy.Data.csproj", "{2CA57C1C-1D40-4AEB-BC6F-894C7C2D283C}"
EndProject
Project("{FAE04EC0-301F-11D3-BF4B-00C04F79EFBC}") = "Wheelzy.Core", "Wheelzy.Core\Wheelzy.Core.csproj", "{7D50E4C7-B7BC-402E-97E3-E96344BDE0A0}"
EndProject
Project("{FAE04EC0-301F-11D3-BF4B-00C04F79EFBC}") = "Wheelzy.API", "Wheelzy.API\Wheelzy.API.csproj", "{BECDE7A7-F51F-4524-8EAD-9A88B7604FFF}"
EndProject
Global
	GlobalSection(SolutionConfigurationPlatforms) = preSolution
		Debug|Any CPU = Debug|Any CPU
		Release|Any CPU = Release|Any CPU
	EndGlobalSection
	GlobalSection(SolutionProperties) = preSolution
		HideSolutionNode = FALSE
	EndGlobalSection
	GlobalSection(ProjectConfigurationPlatforms) = postSolution
		{2CA57C1C-1D40-4AEB-BC6F-894C7C2D283C}.Debug|Any CPU.ActiveCfg = Debug|Any CPU
		{2CA57C1C-1D40-4AEB-BC6F-894C7C2D283C}.Debug|Any CPU.Build.0 = Debug|Any CPU
		{2CA57C1C-1D40-4AEB-BC6F-894C7C2D283C}.Release|Any CPU.ActiveCfg = Release|Any CPU
		{2CA57C1C-1D40-4AEB-BC6F-894C7C2D283C}.Release|Any CPU.Build.0 = Release|Any CPU
		{7D50E4C7-B7BC-402E-97E3-E96344BDE0A0}.Debug|Any CPU.ActiveCfg = Debug|Any CPU
		{7D50E4C7-B7BC-402E-97E3-E96344BDE0A0}.Debug|Any CPU.Build.0 = Debug|Any CPU
		{7D50E4C7-B7BC-402E-97E3-E96344BDE0A0}.Release|Any CPU.ActiveCfg = Release|Any CPU
		{7D50E4C7-B7BC-402E-97E3-E96344BDE0A0}.Release|Any CPU.Build.0 = Release|Any CPU
		{BECDE7A7-F51F-4524-8EAD-9A88B7604FFF}.Debug|Any CPU.ActiveCfg = Debug|Any CPU
		{BECDE7A7-F51F-4524-8EAD-9A88B7604FFF}.Debug|Any CPU.Build.0 = Debug|Any CPU
		{BECDE7A7-F51F-4524-8EAD-9A88B7604FFF}.Release|Any CPU.ActiveCfg = Release|Any CPU
		{BECDE7A7-F51F-4524-8EAD-9A88B7604FFF}.Release|Any CPU.Build.0 = Release|Any CPU
	EndGlobalSection
EndGlobal
